
Microsoft Visual Studio Solution File, Format Version 12.00
# Visual Studio Version 17
VisualStudioVersion = 17.14.36414.22
MinimumVisualStudioVersion = 10.0.40219.1
Project("{2150E333-8FDC-42A3-9474-1A3956D46DE8}") = "Task0", "Task0", "{02EA681E-C7D8-13C7-8484-4AC65E1B71E8}"
EndProject
Project("{FAE04EC0-301F-11D3-BF4B-00C04F79EFBC}") = "Tyuiu.ZheleznyakDN.Sprint0.Task0.V0", "Tyuiu.ZheleznyakDN.Sprint0.Task0.V0\Tyuiu.ZheleznyakDN.Sprint0.Task0.V0.csproj", "{7A8A90C9-948B-48EA-A15A-5507BD4B22F4}"
EndProject
Project("{2150E333-8FDC-42A3-9474-1A3956D46DE8}") = "Task1", "Task1", "{449862EA-0141-4BDA-90BF-2C495BAA7FDD}"
EndProject
Project("{FAE04EC0-301F-11D3-BF4B-00C04F79EFBC}") = "Tyuiu.ZheleznyakDN.Sprint0.Task1.V0", "Tyuiu.ZheleznyakDN.Sprint0.Task1.V0\Tyuiu.ZheleznyakDN.Sprint0.Task1.V0.csproj", "{07BD491A-C4E9-4098-81CE-AA89038B9163}"
EndProject
Project("{2150E333-8FDC-42A3-9474-1A3956D46DE8}") = "Task2", "Task2", "{9F83003E-184B-4CD0-A012-54FA2D7E5320}"
EndProject
Project("{FAE04EC0-301F-11D3-BF4B-00C04F79EFBC}") = "Tyuiu.ZheleznyakDN.Sprint0.Task2.V0", "Tyuiu.ZheleznyakDN.Sprint0.Task2.V0\Tyuiu.ZheleznyakDN.Sprint0.Task2.V0.csproj", "{427383AC-9CC9-44D8-832B-3F464B1B78D4}"
EndProject
Project("{FAE04EC0-301F-11D3-BF4B-00C04F79EFBC}") = "Tyuiu.ZheleznyakDN.Sprint0.Task2.V0.Lib", "Tyuiu.ZheleznyakDN.Sprint0.Task2.V0.Lib\Tyuiu.ZheleznyakDN.Sprint0.Task2.V0.Lib.csproj", "{A9E06E03-9CA4-4274-9949-B49C47AA46DA}"
EndProject
Project("{FAE04EC0-301F-11D3-BF4B-00C04F79EFBC}") = "Tyuiu.ZheleznyakDN.Sprint0.Task2.V0.Test", "Tyuiu.ZheleznyakDN.Sprint0.Task2.V0.Test\Tyuiu.ZheleznyakDN.Sprint0.Task2.V0.Test.csproj", "{B7731A66-E9F5-4831-84ED-8FFD25DA1E5D}"
EndProject
Project("{2150E333-8FDC-42A3-9474-1A3956D46DE8}") = "Task3", "Task3", "{E1C52C88-9021-4C6C-97A9-1DD790C70D53}"
EndProject
Project("{FAE04EC0-301F-11D3-BF4B-00C04F79EFBC}") = "Tyuiu.ZheleznyakDN.Sprint0.Task3.V0", "Tyuiu.ZheleznyakDN.Sprint0.Task3.V0\Tyuiu.ZheleznyakDN.Sprint0.Task3.V0.csproj", "{281F7DAF-76E9-4F40-8411-E698B01F129C}"
EndProject
Project("{FAE04EC0-301F-11D3-BF4B-00C04F79EFBC}") = "Tyuiu.ZheleznyakDN.Sprint0.Task3.V0.Lib", "Tyuiu.ZheleznyakDN.Sprint0.Task3.V0.Lib\Tyuiu.ZheleznyakDN.Sprint0.Task3.V0.Lib.csproj", "{8216BAA0-AEB7-4B0D-995C-189194DBAE61}"
EndProject
Project("{FAE04EC0-301F-11D3-BF4B-00C04F79EFBC}") = "Tyuiu.ZheleznyakDN.Sprint0.Task3.V0.Test", "Tyuiu.ZheleznyakDN.Sprint0.Task3.V0.Test\Tyuiu.ZheleznyakDN.Sprint0.Task3.V0.Test.csproj", "{EF417EA2-D6D6-4241-B6C7-883A6D6E7248}"
EndProject
Project("{2150E333-8FDC-42A3-9474-1A3956D46DE8}") = "Task4", "Task4", "{93C7CC77-BBB2-45F4-A484-A7A84FE5B31D}"
EndProject
Project("{FAE04EC0-301F-11D3-BF4B-00C04F79EFBC}") = "Tyuiu.ZheleznyakDN.Sprint0.Task4.V0.Test", "Tyuiu.ZheleznyakDN.Sprint0.Task4.V0.Test\Tyuiu.ZheleznyakDN.Sprint0.Task4.V0.Test.csproj", "{9AE944C0-B54D-4837-8776-796F2710F952}"
EndProject
Project("{FAE04EC0-301F-11D3-BF4B-00C04F79EFBC}") = "Tyuiu.ZheleznyakDN.Sprint0.Task4.V0.Lib", "Tyuiu.ZheleznyakDN.Sprint0.Task4.V0.Lib\Tyuiu.ZheleznyakDN.Sprint0.Task4.V0.Lib.csproj", "{569289F3-14D3-4AC8-9337-CF7185FF844C}"
EndProject
Project("{FAE04EC0-301F-11D3-BF4B-00C04F79EFBC}") = "Tyuiu.ZheleznyakDN.Sprint0.Task4.V0", "Tyuiu.ZheleznyakDN.Sprint0.Task4.V0\Tyuiu.ZheleznyakDN.Sprint0.Task4.V0.csproj", "{25EA8873-B50D-467D-8FF8-91BC1DA0CAB7}"
EndProject
Project("{2150E333-8FDC-42A3-9474-1A3956D46DE8}") = "Task5", "Task5", "{8329CA42-5B68-4E02-95C1-DF7169BA9483}"
EndProject
Project("{FAE04EC0-301F-11D3-BF4B-00C04F79EFBC}") = "Tyuiu.ZheleznyakDN.Sprint0.Task5.V0", "Tyuiu.ZheleznyakDN.Sprint0.Task5.V0\Tyuiu.ZheleznyakDN.Sprint0.Task5.V0.csproj", "{A82B253F-5B86-439C-BF62-7CBB7787D45E}"
EndProject
Project("{FAE04EC0-301F-11D3-BF4B-00C04F79EFBC}") = "Tyuiu.ZheleznyakDN.Sprint0.Task5.V0.Lib", "Tyuiu.ZheleznyakDN.Sprint0.Task5.V0.Lib\Tyuiu.ZheleznyakDN.Sprint0.Task5.V0.Lib.csproj", "{00039450-0287-4B0A-A3D9-FA84ABE28873}"
EndProject
Project("{FAE04EC0-301F-11D3-BF4B-00C04F79EFBC}") = "Tyuiu.ZheleznyakDN.Sprint0.Task5.V0.Test", "Tyuiu.ZheleznyakDN.Sprint0.Task5.V0.Test\Tyuiu.ZheleznyakDN.Sprint0.Task5.V0.Test.csproj", "{79BA5309-3513-4D46-9FF3-43427DB13331}"
EndProject
Project("{2150E333-8FDC-42A3-9474-1A3956D46DE8}") = "Task6", "Task6", "{5B4B6896-7CF4-41F5-9E96-707F0A9701E2}"
EndProject
Project("{FAE04EC0-301F-11D3-BF4B-00C04F79EFBC}") = "Tyuiu.ZheleznyakDN.Sprint0.Task6.V0", "Tyuiu.ZheleznyakDN.Sprint0.Task6.V0\Tyuiu.ZheleznyakDN.Sprint0.Task6.V0.csproj", "{44E2F6CA-88D4-47D2-A27A-F0302BF85CA2}"
EndProject
Project("{FAE04EC0-301F-11D3-BF4B-00C04F79EFBC}") = "Tyuiu.ZheleznyakDN.Sprint0.Task6.V0.Lib", "Tyuiu.ZheleznyakDN.Sprint0.Task6.V0.Lib\Tyuiu.ZheleznyakDN.Sprint0.Task6.V0.Lib.csproj", "{000FBEF3-E633-447E-9C03-7B44829269B0}"
EndProject
Project("{FAE04EC0-301F-11D3-BF4B-00C04F79EFBC}") = "Tyuiu.ZheleznyakDN.Sprint0.Task6.V0.Test", "Tyuiu.ZheleznyakDN.Sprint0.Task6.V0.Test\Tyuiu.ZheleznyakDN.Sprint0.Task6.V0.Test.csproj", "{07D48D6B-4D90-4F46-B049-BEA929A0C78C}"
EndProject
Global
	GlobalSection(SolutionConfigurationPlatforms) = preSolution
		Debug|Any CPU = Debug|Any CPU
		Release|Any CPU = Release|Any CPU
	EndGlobalSection
	GlobalSection(ProjectConfigurationPlatforms) = postSolution
		{7A8A90C9-948B-48EA-A15A-5507BD4B22F4}.Debug|Any CPU.ActiveCfg = Debug|Any CPU
		{7A8A90C9-948B-48EA-A15A-5507BD4B22F4}.Debug|Any CPU.Build.0 = Debug|Any CPU
		{7A8A90C9-948B-48EA-A15A-5507BD4B22F4}.Release|Any CPU.ActiveCfg = Release|Any CPU
		{7A8A90C9-948B-48EA-A15A-5507BD4B22F4}.Release|Any CPU.Build.0 = Release|Any CPU
		{07BD491A-C4E9-4098-81CE-AA89038B9163}.Debug|Any CPU.ActiveCfg = Debug|Any CPU
		{07BD491A-C4E9-4098-81CE-AA89038B9163}.Debug|Any CPU.Build.0 = Debug|Any CPU
		{07BD491A-C4E9-4098-81CE-AA89038B9163}.Release|Any CPU.ActiveCfg = Release|Any CPU
		{07BD491A-C4E9-4098-81CE-AA89038B9163}.Release|Any CPU.Build.0 = Release|Any CPU
		{427383AC-9CC9-44D8-832B-3F464B1B78D4}.Debug|Any CPU.ActiveCfg = Debug|Any CPU
		{427383AC-9CC9-44D8-832B-3F464B1B78D4}.Debug|Any CPU.Build.0 = Debug|Any CPU
		{427383AC-9CC9-44D8-832B-3F464B1B78D4}.Release|Any CPU.ActiveCfg = Release|Any CPU
		{427383AC-9CC9-44D8-832B-3F464B1B78D4}.Release|Any CPU.Build.0 = Release|Any CPU
		{A9E06E03-9CA4-4274-9949-B49C47AA46DA}.Debug|Any CPU.ActiveCfg = Debug|Any CPU
		{A9E06E03-9CA4-4274-9949-B49C47AA46DA}.Debug|Any CPU.Build.0 = Debug|Any CPU
		{A9E06E03-9CA4-4274-9949-B49C47AA46DA}.Release|Any CPU.ActiveCfg = Release|Any CPU
		{A9E06E03-9CA4-4274-9949-B49C47AA46DA}.Release|Any CPU.Build.0 = Release|Any CPU
		{B7731A66-E9F5-4831-84ED-8FFD25DA1E5D}.Debug|Any CPU.ActiveCfg = Debug|Any CPU
		{B7731A66-E9F5-4831-84ED-8FFD25DA1E5D}.Debug|Any CPU.Build.0 = Debug|Any CPU
		{B7731A66-E9F5-4831-84ED-8FFD25DA1E5D}.Release|Any CPU.ActiveCfg = Release|Any CPU
		{B7731A66-E9F5-4831-84ED-8FFD25DA1E5D}.Release|Any CPU.Build.0 = Release|Any CPU
		{281F7DAF-76E9-4F40-8411-E698B01F129C}.Debug|Any CPU.ActiveCfg = Debug|Any CPU
		{281F7DAF-76E9-4F40-8411-E698B01F129C}.Debug|Any CPU.Build.0 = Debug|Any CPU
		{281F7DAF-76E9-4F40-8411-E698B01F129C}.Release|Any CPU.ActiveCfg = Release|Any CPU
		{281F7DAF-76E9-4F40-8411-E698B01F129C}.Release|Any CPU.Build.0 = Release|Any CPU
		{8216BAA0-AEB7-4B0D-995C-189194DBAE61}.Debug|Any CPU.ActiveCfg = Debug|Any CPU
		{8216BAA0-AEB7-4B0D-995C-189194DBAE61}.Debug|Any CPU.Build.0 = Debug|Any CPU
		{8216BAA0-AEB7-4B0D-995C-189194DBAE61}.Release|Any CPU.ActiveCfg = Release|Any CPU
		{8216BAA0-AEB7-4B0D-995C-189194DBAE61}.Release|Any CPU.Build.0 = Release|Any CPU
		{EF417EA2-D6D6-4241-B6C7-883A6D6E7248}.Debug|Any CPU.ActiveCfg = Debug|Any CPU
		{EF417EA2-D6D6-4241-B6C7-883A6D6E7248}.Debug|Any CPU.Build.0 = Debug|Any CPU
		{EF417EA2-D6D6-4241-B6C7-883A6D6E7248}.Release|Any CPU.ActiveCfg = Release|Any CPU
		{EF417EA2-D6D6-4241-B6C7-883A6D6E7248}.Release|Any CPU.Build.0 = Release|Any CPU
		{9AE944C0-B54D-4837-8776-796F2710F952}.Debug|Any CPU.ActiveCfg = Debug|Any CPU
		{9AE944C0-B54D-4837-8776-796F2710F952}.Debug|Any CPU.Build.0 = Debug|Any CPU
		{9AE944C0-B54D-4837-8776-796F2710F952}.Release|Any CPU.ActiveCfg = Release|Any CPU
		{9AE944C0-B54D-4837-8776-796F2710F952}.Release|Any CPU.Build.0 = Release|Any CPU
		{569289F3-14D3-4AC8-9337-CF7185FF844C}.Debug|Any CPU.ActiveCfg = Debug|Any CPU
		{569289F3-14D3-4AC8-9337-CF7185FF844C}.Debug|Any CPU.Build.0 = Debug|Any CPU
		{569289F3-14D3-4AC8-9337-CF7185FF844C}.Release|Any CPU.ActiveCfg = Release|Any CPU
		{569289F3-14D3-4AC8-9337-CF7185FF844C}.Release|Any CPU.Build.0 = Release|Any CPU
		{25EA8873-B50D-467D-8FF8-91BC1DA0CAB7}.Debug|Any CPU.ActiveCfg = Debug|Any CPU
		{25EA8873-B50D-467D-8FF8-91BC1DA0CAB7}.Debug|Any CPU.Build.0 = Debug|Any CPU
		{25EA8873-B50D-467D-8FF8-91BC1DA0CAB7}.Release|Any CPU.ActiveCfg = Release|Any CPU
		{25EA8873-B50D-467D-8FF8-91BC1DA0CAB7}.Release|Any CPU.Build.0 = Release|Any CPU
		{A82B253F-5B86-439C-BF62-7CBB7787D45E}.Debug|Any CPU.ActiveCfg = Debug|Any CPU
		{A82B253F-5B86-439C-BF62-7CBB7787D45E}.Debug|Any CPU.Build.0 = Debug|Any CPU
		{A82B253F-5B86-439C-BF62-7CBB7787D45E}.Release|Any CPU.ActiveCfg = Release|Any CPU
		{A82B253F-5B86-439C-BF62-7CBB7787D45E}.Release|Any CPU.Build.0 = Release|Any CPU
		{00039450-0287-4B0A-A3D9-FA84ABE28873}.Debug|Any CPU.ActiveCfg = Debug|Any CPU
		{00039450-0287-4B0A-A3D9-FA84ABE28873}.Debug|Any CPU.Build.0 = Debug|Any CPU
		{00039450-0287-4B0A-A3D9-FA84ABE28873}.Release|Any CPU.ActiveCfg = Release|Any CPU
		{00039450-0287-4B0A-A3D9-FA84ABE28873}.Release|Any CPU.Build.0 = Release|Any CPU
		{79BA5309-3513-4D46-9FF3-43427DB13331}.Debug|Any CPU.ActiveCfg = Debug|Any CPU
		{79BA5309-3513-4D46-9FF3-43427DB13331}.Debug|Any CPU.Build.0 = Debug|Any CPU
		{79BA5309-3513-4D46-9FF3-43427DB13331}.Release|Any CPU.ActiveCfg = Release|Any CPU
		{79BA5309-3513-4D46-9FF3-43427DB13331}.Release|Any CPU.Build.0 = Release|Any CPU
		{44E2F6CA-88D4-47D2-A27A-F0302BF85CA2}.Debug|Any CPU.ActiveCfg = Debug|Any CPU
		{44E2F6CA-88D4-47D2-A27A-F0302BF85CA2}.Debug|Any CPU.Build.0 = Debug|Any CPU
		{44E2F6CA-88D4-47D2-A27A-F0302BF85CA2}.Release|Any CPU.ActiveCfg = Release|Any CPU
		{44E2F6CA-88D4-47D2-A27A-F0302BF85CA2}.Release|Any CPU.Build.0 = Release|Any CPU
		{000FBEF3-E633-447E-9C03-7B44829269B0}.Debug|Any CPU.ActiveCfg = Debug|Any CPU
		{000FBEF3-E633-447E-9C03-7B44829269B0}.Debug|Any CPU.Build.0 = Debug|Any CPU
		{000FBEF3-E633-447E-9C03-7B44829269B0}.Release|Any CPU.ActiveCfg = Release|Any CPU
		{000FBEF3-E633-447E-9C03-7B44829269B0}.Release|Any CPU.Build.0 = Release|Any CPU
		{07D48D6B-4D90-4F46-B049-BEA929A0C78C}.Debug|Any CPU.ActiveCfg = Debug|Any CPU
		{07D48D6B-4D90-4F46-B049-BEA929A0C78C}.Debug|Any CPU.Build.0 = Debug|Any CPU
		{07D48D6B-4D90-4F46-B049-BEA929A0C78C}.Release|Any CPU.ActiveCfg = Release|Any CPU
		{07D48D6B-4D90-4F46-B049-BEA929A0C78C}.Release|Any CPU.Build.0 = Release|Any CPU
	EndGlobalSection
	GlobalSection(SolutionProperties) = preSolution
		HideSolutionNode = FALSE
	EndGlobalSection
	GlobalSection(NestedProjects) = preSolution
		{7A8A90C9-948B-48EA-A15A-5507BD4B22F4} = {02EA681E-C7D8-13C7-8484-4AC65E1B71E8}
		{07BD491A-C4E9-4098-81CE-AA89038B9163} = {449862EA-0141-4BDA-90BF-2C495BAA7FDD}
		{427383AC-9CC9-44D8-832B-3F464B1B78D4} = {9F83003E-184B-4CD0-A012-54FA2D7E5320}
		{A9E06E03-9CA4-4274-9949-B49C47AA46DA} = {9F83003E-184B-4CD0-A012-54FA2D7E5320}
		{B7731A66-E9F5-4831-84ED-8FFD25DA1E5D} = {9F83003E-184B-4CD0-A012-54FA2D7E5320}
		{281F7DAF-76E9-4F40-8411-E698B01F129C} = {E1C52C88-9021-4C6C-97A9-1DD790C70D53}
		{8216BAA0-AEB7-4B0D-995C-189194DBAE61} = {E1C52C88-9021-4C6C-97A9-1DD790C70D53}
		{EF417EA2-D6D6-4241-B6C7-883A6D6E7248} = {E1C52C88-9021-4C6C-97A9-1DD790C70D53}
		{9AE944C0-B54D-4837-8776-796F2710F952} = {93C7CC77-BBB2-45F4-A484-A7A84FE5B31D}
		{569289F3-14D3-4AC8-9337-CF7185FF844C} = {93C7CC77-BBB2-45F4-A484-A7A84FE5B31D}
		{25EA8873-B50D-467D-8FF8-91BC1DA0CAB7} = {93C7CC77-BBB2-45F4-A484-A7A84FE5B31D}
		{A82B253F-5B86-439C-BF62-7CBB7787D45E} = {8329CA42-5B68-4E02-95C1-DF7169BA9483}
		{00039450-0287-4B0A-A3D9-FA84ABE28873} = {8329CA42-5B68-4E02-95C1-DF7169BA9483}
		{79BA5309-3513-4D46-9FF3-43427DB13331} = {8329CA42-5B68-4E02-95C1-DF7169BA9483}
		{44E2F6CA-88D4-47D2-A27A-F0302BF85CA2} = {5B4B6896-7CF4-41F5-9E96-707F0A9701E2}
		{000FBEF3-E633-447E-9C03-7B44829269B0} = {5B4B6896-7CF4-41F5-9E96-707F0A9701E2}
		{07D48D6B-4D90-4F46-B049-BEA929A0C78C} = {5B4B6896-7CF4-41F5-9E96-707F0A9701E2}
	EndGlobalSection
	GlobalSection(ExtensibilityGlobals) = postSolution
		SolutionGuid = {A87DDF66-41E0-4033-A644-CBFA4D2D585D}
	EndGlobalSection
EndGlobal
