
Microsoft Visual Studio Solution File, Format Version 12.00
# Visual Studio Version 17
VisualStudioVersion = 17.14.36414.22
MinimumVisualStudioVersion = 10.0.40219.1
Project("{2150E333-8FDC-42A3-9474-1A3956D46DE8}") = "Task0", "Task0", "{02EA681E-C7D8-13C7-8484-4AC65E1B71E8}"
EndProject
Project("{FAE04EC0-301F-11D3-BF4B-00C04F79EFBC}") = "Tyuiu.ZheleznyakDN.Sprint0.Task0.V0", "Tyuiu.ZheleznyakDN.Sprint0.Task0.V0\Tyuiu.ZheleznyakDN.Sprint0.Task0.V0.csproj", "{7A8A90C9-948B-48EA-A15A-5507BD4B22F4}"
EndProject
Global
	GlobalSection(SolutionConfigurationPlatforms) = preSolution
		Debug|Any CPU = Debug|Any CPU
		Release|Any CPU = Release|Any CPU
	EndGlobalSection
	GlobalSection(ProjectConfigurationPlatforms) = postSolution
		{7A8A90C9-948B-48EA-A15A-5507BD4B22F4}.Debug|Any CPU.ActiveCfg = Debug|Any CPU
		{7A8A90C9-948B-48EA-A15A-5507BD4B22F4}.Debug|Any CPU.Build.0 = Debug|Any CPU
		{7A8A90C9-948B-48EA-A15A-5507BD4B22F4}.Release|Any CPU.ActiveCfg = Release|Any CPU
		{7A8A90C9-948B-48EA-A15A-5507BD4B22F4}.Release|Any CPU.Build.0 = Release|Any CPU
	EndGlobalSection
	GlobalSection(SolutionProperties) = preSolution
		HideSolutionNode = FALSE
	EndGlobalSection
	GlobalSection(NestedProjects) = preSolution
		{7A8A90C9-948B-48EA-A15A-5507BD4B22F4} = {02EA681E-C7D8-13C7-8484-4AC65E1B71E8}
	EndGlobalSection
	GlobalSection(ExtensibilityGlobals) = postSolution
		SolutionGuid = {A87DDF66-41E0-4033-A644-CBFA4D2D585D}
	EndGlobalSection
EndGlobal
